
Microsoft Visual Studio Solution File, Format Version 12.00
# Visual Studio 14
VisualStudioVersion = 14.0.25123.0
MinimumVisualStudioVersion = 10.0.40219.1
Project("{2150E333-8FDC-42A3-9474-1A3956D46DE8}") = "src", "src", "{F2CE056F-E73C-45EE-92BE-9ABDA4F83AFB}"
EndProject
Project("{2150E333-8FDC-42A3-9474-1A3956D46DE8}") = "Solution Items", "Solution Items", "{38AE604F-33DC-4C23-810B-686832B2991F}"
	ProjectSection(SolutionItems) = preProject
		global.json = global.json
	EndProjectSection
EndProject
Project("{8BB2217D-0F2D-49D1-97BC-3654ED321F3B}") = "AspNetCoreDemo", "src\AspNetCoreDemo\AspNetCoreDemo.xproj", "{1E636B89-FF40-45BF-8DED-F8B1704C2C19}"
EndProject
Global
	GlobalSection(SolutionConfigurationPlatforms) = preSolution
		Debug|Any CPU = Debug|Any CPU
		Release|Any CPU = Release|Any CPU
	EndGlobalSection
	GlobalSection(ProjectConfigurationPlatforms) = postSolution
		{1E636B89-FF40-45BF-8DED-F8B1704C2C19}.Debug|Any CPU.ActiveCfg = Debug|Any CPU
		{1E636B89-FF40-45BF-8DED-F8B1704C2C19}.Debug|Any CPU.Build.0 = Debug|Any CPU
		{1E636B89-FF40-45BF-8DED-F8B1704C2C19}.Release|Any CPU.ActiveCfg = Release|Any CPU
		{1E636B89-FF40-45BF-8DED-F8B1704C2C19}.Release|Any CPU.Build.0 = Release|Any CPU
	EndGlobalSection
	GlobalSection(SolutionProperties) = preSolution
		HideSolutionNode = FALSE
	EndGlobalSection
	GlobalSection(NestedProjects) = preSolution
		{1E636B89-FF40-45BF-8DED-F8B1704C2C19} = {F2CE056F-E73C-45EE-92BE-9ABDA4F83AFB}
	EndGlobalSection
EndGlobal
